
Microsoft Visual Studio Solution File, Format Version 12.00
# Visual Studio Version 17
VisualStudioVersion = 17.9.34607.119
MinimumVisualStudioVersion = 10.0.40219.1
Project("{FAE04EC0-301F-11D3-BF4B-00C04F79EFBC}") = "try", "try\try.csproj", "{722F450F-D9AF-4C03-9A3B-5A32E510490F}"
EndProject
Global
	GlobalSection(SolutionConfigurationPlatforms) = preSolution
		Debug|Any CPU = Debug|Any CPU
		Release|Any CPU = Release|Any CPU
	EndGlobalSection
	GlobalSection(ProjectConfigurationPlatforms) = postSolution
		{722F450F-D9AF-4C03-9A3B-5A32E510490F}.Debug|Any CPU.ActiveCfg = Debug|Any CPU
		{722F450F-D9AF-4C03-9A3B-5A32E510490F}.Debug|Any CPU.Build.0 = Debug|Any CPU
		{722F450F-D9AF-4C03-9A3B-5A32E510490F}.Release|Any CPU.ActiveCfg = Release|Any CPU
		{722F450F-D9AF-4C03-9A3B-5A32E510490F}.Release|Any CPU.Build.0 = Release|Any CPU
	EndGlobalSection
	GlobalSection(SolutionProperties) = preSolution
		HideSolutionNode = FALSE
	EndGlobalSection
	GlobalSection(ExtensibilityGlobals) = postSolution
		SolutionGuid = {6DB4C102-049B-46B8-9AD2-D07B0F7DA00E}
	EndGlobalSection
EndGlobal
